
Microsoft Visual Studio Solution File, Format Version 12.00
# Visual Studio Version 16
VisualStudioVersion = 16.0.810.15
MinimumVisualStudioVersion = 10.0.40219.1
Project("{FAE04EC0-301F-11D3-BF4B-00C04F79EFBC}") = "TMA3A", "TMA3A\TMA3A.csproj", "{3CAC5400-3F32-4BD4-98AB-82B6F0A4386D}"
EndProject
Global
	GlobalSection(SolutionConfigurationPlatforms) = preSolution
		Debug|Any CPU = Debug|Any CPU
		Release|Any CPU = Release|Any CPU
	EndGlobalSection
	GlobalSection(ProjectConfigurationPlatforms) = postSolution
		{3CAC5400-3F32-4BD4-98AB-82B6F0A4386D}.Debug|Any CPU.ActiveCfg = Debug|Any CPU
		{3CAC5400-3F32-4BD4-98AB-82B6F0A4386D}.Debug|Any CPU.Build.0 = Debug|Any CPU
		{3CAC5400-3F32-4BD4-98AB-82B6F0A4386D}.Release|Any CPU.ActiveCfg = Release|Any CPU
		{3CAC5400-3F32-4BD4-98AB-82B6F0A4386D}.Release|Any CPU.Build.0 = Release|Any CPU
	EndGlobalSection
	GlobalSection(SolutionProperties) = preSolution
		HideSolutionNode = FALSE
	EndGlobalSection
	GlobalSection(ExtensibilityGlobals) = postSolution
		SolutionGuid = {4876877B-6AA5-47B9-9B27-F4F628F18CD8}
	EndGlobalSection
EndGlobal
